
Microsoft Visual Studio Solution File, Format Version 12.00
# Visual Studio 15
VisualStudioVersion = 15.0.28307.271
MinimumVisualStudioVersion = 10.0.40219.1
Project("{FAE04EC0-301F-11D3-BF4B-00C04F79EFBC}") = "ConsoleApp2", "ConsoleApp2\ConsoleApp2.csproj", "{1BD620AC-7FF3-4392-96F8-427D6736D1EE}"
EndProject
Global
	GlobalSection(SolutionConfigurationPlatforms) = preSolution
		Debug|Any CPU = Debug|Any CPU
		Release|Any CPU = Release|Any CPU
	EndGlobalSection
	GlobalSection(ProjectConfigurationPlatforms) = postSolution
		{1BD620AC-7FF3-4392-96F8-427D6736D1EE}.Debug|Any CPU.ActiveCfg = Debug|Any CPU
		{1BD620AC-7FF3-4392-96F8-427D6736D1EE}.Debug|Any CPU.Build.0 = Debug|Any CPU
		{1BD620AC-7FF3-4392-96F8-427D6736D1EE}.Release|Any CPU.ActiveCfg = Release|Any CPU
		{1BD620AC-7FF3-4392-96F8-427D6736D1EE}.Release|Any CPU.Build.0 = Release|Any CPU
	EndGlobalSection
	GlobalSection(SolutionProperties) = preSolution
		HideSolutionNode = FALSE
	EndGlobalSection
	GlobalSection(ExtensibilityGlobals) = postSolution
		SolutionGuid = {4FE3515A-0429-49A3-AC38-73DDB613AD5B}
	EndGlobalSection
EndGlobal
